
Microsoft Visual Studio Solution File, Format Version 12.00
# Visual Studio Version 17
VisualStudioVersion = 17.12.35707.178
MinimumVisualStudioVersion = 10.0.40219.1
Project("{2150E333-8FDC-42A3-9474-1A3956D46DE8}") = "BackendServices", "BackendServices", "{DD7B73EE-316F-498C-9162-677AE78E7EA9}"
EndProject
Project("{2150E333-8FDC-42A3-9474-1A3956D46DE8}") = "FrontendServices", "FrontendServices", "{265F624A-CB47-4A8D-8473-B16C1AB7590E}"
EndProject
Project("{2150E333-8FDC-42A3-9474-1A3956D46DE8}") = "ApiGateway", "ApiGateway", "{396B1FE5-6C01-42FF-8251-9C925AC3E4E6}"
EndProject
Project("{2150E333-8FDC-42A3-9474-1A3956D46DE8}") = "AuthService", "AuthService", "{286D9744-C82A-46F5-895D-722459AEF937}"
EndProject
Project("{FAE04EC0-301F-11D3-BF4B-00C04F79EFBC}") = "AuthService.API", "BackendServices\AuthService\AuthService.API\AuthService.API.csproj", "{0802F5FB-0A6F-4520-8028-73D2F1FC6613}"
EndProject
Project("{FAE04EC0-301F-11D3-BF4B-00C04F79EFBC}") = "AuthService.Domain", "BackendServices\AuthService\AuthService.Domain\AuthService.Domain.csproj", "{E260A4AB-EE3D-43B7-8659-4C8AB0098489}"
EndProject
Project("{FAE04EC0-301F-11D3-BF4B-00C04F79EFBC}") = "AuthService.Application", "BackendServices\AuthService\AuthService.Application\AuthService.Application.csproj", "{A126F589-37C5-4866-BF39-6AD8477D5032}"
EndProject
Project("{FAE04EC0-301F-11D3-BF4B-00C04F79EFBC}") = "AuthService.Infrastructure", "BackendServices\AuthService\AuthService.Infrastructure\AuthService.Infrastructure.csproj", "{1ACB346F-CC45-4CB7-9409-DFF68A73B736}"
EndProject
Project("{FAE04EC0-301F-11D3-BF4B-00C04F79EFBC}") = "OcelotApiGateway", "ApiGateway\OcelotApiGateway\OcelotApiGateway.csproj", "{0236D803-41A6-4464-B8E3-B69420CB41E1}"
EndProject
Project("{FAE04EC0-301F-11D3-BF4B-00C04F79EFBC}") = "eShopFlix", "FrontendServices\eShopFlix\eShopFlix.csproj", "{A1389B35-B014-4880-B5F2-7440AB2026CF}"
EndProject
Project("{2150E333-8FDC-42A3-9474-1A3956D46DE8}") = "CategoryServices", "CategoryServices", "{B40A019F-2C47-4329-B961-B8F1CA90FAF8}"
EndProject
Project("{FAE04EC0-301F-11D3-BF4B-00C04F79EFBC}") = "Catalog.API", "BackendServices\CategoryServices\Catalog.API\Catalog.API.csproj", "{D4701F0E-6F6D-4929-8DE6-179A187B92C6}"
EndProject
Project("{FAE04EC0-301F-11D3-BF4B-00C04F79EFBC}") = "Catalog.Application", "BackendServices\CategoryServices\Catalog.Application\Catalog.Application.csproj", "{BAC0CC10-35BC-4E3D-9EA7-886D0C04F903}"
EndProject
Project("{FAE04EC0-301F-11D3-BF4B-00C04F79EFBC}") = "Catalog.Domain", "BackendServices\CategoryServices\Catalog.Domain\Catalog.Domain.csproj", "{F092AF1F-BD5B-4F77-A4BB-8A090DBCFC24}"
EndProject
Project("{FAE04EC0-301F-11D3-BF4B-00C04F79EFBC}") = "Catalog.Infrastructure", "BackendServices\CategoryServices\Catalog.Infrastructure\Catalog.Infrastructure.csproj", "{909DD0F4-7C34-4EAA-B706-DC6B7867CBCD}"
EndProject
Project("{2150E333-8FDC-42A3-9474-1A3956D46DE8}") = "CartServices", "CartServices", "{0849748C-D682-4284-B181-705262C3BDE8}"
EndProject
Project("{FAE04EC0-301F-11D3-BF4B-00C04F79EFBC}") = "CartServices.API", "BackendServices\CartServices\CartServices.API\CartServices.API.csproj", "{32857162-1235-4DB8-A288-56F2C38D1E39}"
EndProject
Project("{FAE04EC0-301F-11D3-BF4B-00C04F79EFBC}") = "CartServices.Application", "BackendServices\CartServices\CartServices.Application\CartServices.Application.csproj", "{3029DB2D-1679-48E2-8162-364811EF40E1}"
EndProject
Project("{FAE04EC0-301F-11D3-BF4B-00C04F79EFBC}") = "CartServices.Infrastructure", "BackendServices\CartServices\CartServices.Infrastructure\CartServices.Infrastructure.csproj", "{09D92BDC-E5FF-4166-97C1-E6E0B1B4A032}"
EndProject
Project("{FAE04EC0-301F-11D3-BF4B-00C04F79EFBC}") = "CartServices.Domain", "BackendServices\CartServices\CartServices.Domain\CartServices.Domain.csproj", "{ECBAAC40-912D-49CC-BE60-7C44AEC202C9}"
EndProject
Project("{2150E333-8FDC-42A3-9474-1A3956D46DE8}") = "PaymentService", "PaymentService", "{26013915-71C6-4BA0-8719-AB9440CF99E6}"
EndProject
Project("{FAE04EC0-301F-11D3-BF4B-00C04F79EFBC}") = "PaymentService.API", "BackendServices\PaymentService\PaymentService.API\PaymentService.API.csproj", "{EC3C431E-86C1-4BD5-891E-709EBA47A4EB}"
EndProject
Project("{FAE04EC0-301F-11D3-BF4B-00C04F79EFBC}") = "PaymentService.Application", "BackendServices\PaymentService\PaymentService.Application\PaymentService.Application.csproj", "{54B0FCE2-6CA7-4DB4-B953-A6A6B148B3A7}"
EndProject
Project("{FAE04EC0-301F-11D3-BF4B-00C04F79EFBC}") = "PaymentService.Domain", "BackendServices\PaymentService\PaymentService.Domain\PaymentService.Domain.csproj", "{2CC11233-7CB0-4254-B4BD-45768EBCA544}"
EndProject
Project("{FAE04EC0-301F-11D3-BF4B-00C04F79EFBC}") = "PaymentService.Infrastructure", "BackendServices\PaymentService\PaymentService.Infrastructure\PaymentService.Infrastructure.csproj", "{A56F4C24-1938-4616-9994-D8B7C95083A6}"
EndProject
Project("{2150E333-8FDC-42A3-9474-1A3956D46DE8}") = "OrderService", "OrderService", "{A3879C75-9A13-41A6-8694-8AB72AA590F0}"
EndProject
Project("{FAE04EC0-301F-11D3-BF4B-00C04F79EFBC}") = "OrderService.API", "BackendServices\OrderService\OrderService.API\OrderService.API.csproj", "{702DB2AB-EBFF-4552-ADF1-6FE739ABC453}"
EndProject
Project("{FAE04EC0-301F-11D3-BF4B-00C04F79EFBC}") = "OrderService.Application", "BackendServices\OrderService\OrderService.Application\OrderService.Application.csproj", "{1F43F959-2BC6-475D-BB3F-23D8F44205E4}"
EndProject
Project("{FAE04EC0-301F-11D3-BF4B-00C04F79EFBC}") = "OrderService.Domain", "BackendServices\OrderService\OrderService.Domain\OrderService.Domain.csproj", "{F47BFD03-BC76-4219-AD24-9BF468022EB3}"
EndProject
Project("{FAE04EC0-301F-11D3-BF4B-00C04F79EFBC}") = "OrderService.Infrastructure", "BackendServices\OrderService\OrderService.Infrastructure\OrderService.Infrastructure.csproj", "{BFFA9F40-0015-4846-B2F8-E38A9E2963C4}"
EndProject
Project("{2150E333-8FDC-42A3-9474-1A3956D46DE8}") = "Comman", "Comman", "{57A1024D-EF6E-4EF1-B1FD-DA3A8F0577E8}"
EndProject
Project("{FAE04EC0-301F-11D3-BF4B-00C04F79EFBC}") = "OrderStateMachine", "Comman\OrderStateMachine\OrderStateMachine.csproj", "{CDCAA361-F2F0-4BB6-9A77-BA6441150005}"
EndProject
Project("{2150E333-8FDC-42A3-9474-1A3956D46DE8}") = "StockService", "StockService", "{BCEB0340-F8CC-4D0C-9129-98EA1A0BFAA8}"
EndProject
Project("{FAE04EC0-301F-11D3-BF4B-00C04F79EFBC}") = "StockService.API", "BackendServices\StockService\StockService.API\StockService.API.csproj", "{DAC9CAC7-5ED2-4282-B0FB-7961B8A54C23}"
EndProject
Project("{FAE04EC0-301F-11D3-BF4B-00C04F79EFBC}") = "StockService.Application", "BackendServices\StockService\StockService.Application\StockService.Application.csproj", "{543CAA22-3C60-4658-B773-266D3BAEE57B}"
EndProject
Project("{FAE04EC0-301F-11D3-BF4B-00C04F79EFBC}") = "StockService.Domain", "BackendServices\StockService\StockService.Domain\StockService.Domain.csproj", "{C721C07F-01C9-4D6E-8275-6AD5CA9251D7}"
EndProject
Project("{FAE04EC0-301F-11D3-BF4B-00C04F79EFBC}") = "StockService.Infrastructure", "BackendServices\StockService\StockService.Infrastructure\StockService.Infrastructure.csproj", "{8C9D922B-FCCA-471F-B443-6838BBA237B4}"
EndProject
Global
	GlobalSection(SolutionConfigurationPlatforms) = preSolution
		Debug|Any CPU = Debug|Any CPU
		Release|Any CPU = Release|Any CPU
	EndGlobalSection
	GlobalSection(ProjectConfigurationPlatforms) = postSolution
		{0802F5FB-0A6F-4520-8028-73D2F1FC6613}.Debug|Any CPU.ActiveCfg = Debug|Any CPU
		{0802F5FB-0A6F-4520-8028-73D2F1FC6613}.Debug|Any CPU.Build.0 = Debug|Any CPU
		{0802F5FB-0A6F-4520-8028-73D2F1FC6613}.Release|Any CPU.ActiveCfg = Release|Any CPU
		{0802F5FB-0A6F-4520-8028-73D2F1FC6613}.Release|Any CPU.Build.0 = Release|Any CPU
		{E260A4AB-EE3D-43B7-8659-4C8AB0098489}.Debug|Any CPU.ActiveCfg = Debug|Any CPU
		{E260A4AB-EE3D-43B7-8659-4C8AB0098489}.Debug|Any CPU.Build.0 = Debug|Any CPU
		{E260A4AB-EE3D-43B7-8659-4C8AB0098489}.Release|Any CPU.ActiveCfg = Release|Any CPU
		{E260A4AB-EE3D-43B7-8659-4C8AB0098489}.Release|Any CPU.Build.0 = Release|Any CPU
		{A126F589-37C5-4866-BF39-6AD8477D5032}.Debug|Any CPU.ActiveCfg = Debug|Any CPU
		{A126F589-37C5-4866-BF39-6AD8477D5032}.Debug|Any CPU.Build.0 = Debug|Any CPU
		{A126F589-37C5-4866-BF39-6AD8477D5032}.Release|Any CPU.ActiveCfg = Release|Any CPU
		{A126F589-37C5-4866-BF39-6AD8477D5032}.Release|Any CPU.Build.0 = Release|Any CPU
		{1ACB346F-CC45-4CB7-9409-DFF68A73B736}.Debug|Any CPU.ActiveCfg = Debug|Any CPU
		{1ACB346F-CC45-4CB7-9409-DFF68A73B736}.Debug|Any CPU.Build.0 = Debug|Any CPU
		{1ACB346F-CC45-4CB7-9409-DFF68A73B736}.Release|Any CPU.ActiveCfg = Release|Any CPU
		{1ACB346F-CC45-4CB7-9409-DFF68A73B736}.Release|Any CPU.Build.0 = Release|Any CPU
		{0236D803-41A6-4464-B8E3-B69420CB41E1}.Debug|Any CPU.ActiveCfg = Debug|Any CPU
		{0236D803-41A6-4464-B8E3-B69420CB41E1}.Debug|Any CPU.Build.0 = Debug|Any CPU
		{0236D803-41A6-4464-B8E3-B69420CB41E1}.Release|Any CPU.ActiveCfg = Release|Any CPU
		{0236D803-41A6-4464-B8E3-B69420CB41E1}.Release|Any CPU.Build.0 = Release|Any CPU
		{A1389B35-B014-4880-B5F2-7440AB2026CF}.Debug|Any CPU.ActiveCfg = Debug|Any CPU
		{A1389B35-B014-4880-B5F2-7440AB2026CF}.Debug|Any CPU.Build.0 = Debug|Any CPU
		{A1389B35-B014-4880-B5F2-7440AB2026CF}.Release|Any CPU.ActiveCfg = Release|Any CPU
		{A1389B35-B014-4880-B5F2-7440AB2026CF}.Release|Any CPU.Build.0 = Release|Any CPU
		{D4701F0E-6F6D-4929-8DE6-179A187B92C6}.Debug|Any CPU.ActiveCfg = Debug|Any CPU
		{D4701F0E-6F6D-4929-8DE6-179A187B92C6}.Debug|Any CPU.Build.0 = Debug|Any CPU
		{D4701F0E-6F6D-4929-8DE6-179A187B92C6}.Release|Any CPU.ActiveCfg = Release|Any CPU
		{D4701F0E-6F6D-4929-8DE6-179A187B92C6}.Release|Any CPU.Build.0 = Release|Any CPU
		{BAC0CC10-35BC-4E3D-9EA7-886D0C04F903}.Debug|Any CPU.ActiveCfg = Debug|Any CPU
		{BAC0CC10-35BC-4E3D-9EA7-886D0C04F903}.Debug|Any CPU.Build.0 = Debug|Any CPU
		{BAC0CC10-35BC-4E3D-9EA7-886D0C04F903}.Release|Any CPU.ActiveCfg = Release|Any CPU
		{BAC0CC10-35BC-4E3D-9EA7-886D0C04F903}.Release|Any CPU.Build.0 = Release|Any CPU
		{F092AF1F-BD5B-4F77-A4BB-8A090DBCFC24}.Debug|Any CPU.ActiveCfg = Debug|Any CPU
		{F092AF1F-BD5B-4F77-A4BB-8A090DBCFC24}.Debug|Any CPU.Build.0 = Debug|Any CPU
		{F092AF1F-BD5B-4F77-A4BB-8A090DBCFC24}.Release|Any CPU.ActiveCfg = Release|Any CPU
		{F092AF1F-BD5B-4F77-A4BB-8A090DBCFC24}.Release|Any CPU.Build.0 = Release|Any CPU
		{909DD0F4-7C34-4EAA-B706-DC6B7867CBCD}.Debug|Any CPU.ActiveCfg = Debug|Any CPU
		{909DD0F4-7C34-4EAA-B706-DC6B7867CBCD}.Debug|Any CPU.Build.0 = Debug|Any CPU
		{909DD0F4-7C34-4EAA-B706-DC6B7867CBCD}.Release|Any CPU.ActiveCfg = Release|Any CPU
		{909DD0F4-7C34-4EAA-B706-DC6B7867CBCD}.Release|Any CPU.Build.0 = Release|Any CPU
		{32857162-1235-4DB8-A288-56F2C38D1E39}.Debug|Any CPU.ActiveCfg = Debug|Any CPU
		{32857162-1235-4DB8-A288-56F2C38D1E39}.Debug|Any CPU.Build.0 = Debug|Any CPU
		{32857162-1235-4DB8-A288-56F2C38D1E39}.Release|Any CPU.ActiveCfg = Release|Any CPU
		{32857162-1235-4DB8-A288-56F2C38D1E39}.Release|Any CPU.Build.0 = Release|Any CPU
		{3029DB2D-1679-48E2-8162-364811EF40E1}.Debug|Any CPU.ActiveCfg = Debug|Any CPU
		{3029DB2D-1679-48E2-8162-364811EF40E1}.Debug|Any CPU.Build.0 = Debug|Any CPU
		{3029DB2D-1679-48E2-8162-364811EF40E1}.Release|Any CPU.ActiveCfg = Release|Any CPU
		{3029DB2D-1679-48E2-8162-364811EF40E1}.Release|Any CPU.Build.0 = Release|Any CPU
		{09D92BDC-E5FF-4166-97C1-E6E0B1B4A032}.Debug|Any CPU.ActiveCfg = Debug|Any CPU
		{09D92BDC-E5FF-4166-97C1-E6E0B1B4A032}.Debug|Any CPU.Build.0 = Debug|Any CPU
		{09D92BDC-E5FF-4166-97C1-E6E0B1B4A032}.Release|Any CPU.ActiveCfg = Release|Any CPU
		{09D92BDC-E5FF-4166-97C1-E6E0B1B4A032}.Release|Any CPU.Build.0 = Release|Any CPU
		{ECBAAC40-912D-49CC-BE60-7C44AEC202C9}.Debug|Any CPU.ActiveCfg = Debug|Any CPU
		{ECBAAC40-912D-49CC-BE60-7C44AEC202C9}.Debug|Any CPU.Build.0 = Debug|Any CPU
		{ECBAAC40-912D-49CC-BE60-7C44AEC202C9}.Release|Any CPU.ActiveCfg = Release|Any CPU
		{ECBAAC40-912D-49CC-BE60-7C44AEC202C9}.Release|Any CPU.Build.0 = Release|Any CPU
		{EC3C431E-86C1-4BD5-891E-709EBA47A4EB}.Debug|Any CPU.ActiveCfg = Debug|Any CPU
		{EC3C431E-86C1-4BD5-891E-709EBA47A4EB}.Debug|Any CPU.Build.0 = Debug|Any CPU
		{EC3C431E-86C1-4BD5-891E-709EBA47A4EB}.Release|Any CPU.ActiveCfg = Release|Any CPU
		{EC3C431E-86C1-4BD5-891E-709EBA47A4EB}.Release|Any CPU.Build.0 = Release|Any CPU
		{54B0FCE2-6CA7-4DB4-B953-A6A6B148B3A7}.Debug|Any CPU.ActiveCfg = Debug|Any CPU
		{54B0FCE2-6CA7-4DB4-B953-A6A6B148B3A7}.Debug|Any CPU.Build.0 = Debug|Any CPU
		{54B0FCE2-6CA7-4DB4-B953-A6A6B148B3A7}.Release|Any CPU.ActiveCfg = Release|Any CPU
		{54B0FCE2-6CA7-4DB4-B953-A6A6B148B3A7}.Release|Any CPU.Build.0 = Release|Any CPU
		{2CC11233-7CB0-4254-B4BD-45768EBCA544}.Debug|Any CPU.ActiveCfg = Debug|Any CPU
		{2CC11233-7CB0-4254-B4BD-45768EBCA544}.Debug|Any CPU.Build.0 = Debug|Any CPU
		{2CC11233-7CB0-4254-B4BD-45768EBCA544}.Release|Any CPU.ActiveCfg = Release|Any CPU
		{2CC11233-7CB0-4254-B4BD-45768EBCA544}.Release|Any CPU.Build.0 = Release|Any CPU
		{A56F4C24-1938-4616-9994-D8B7C95083A6}.Debug|Any CPU.ActiveCfg = Debug|Any CPU
		{A56F4C24-1938-4616-9994-D8B7C95083A6}.Debug|Any CPU.Build.0 = Debug|Any CPU
		{A56F4C24-1938-4616-9994-D8B7C95083A6}.Release|Any CPU.ActiveCfg = Release|Any CPU
		{A56F4C24-1938-4616-9994-D8B7C95083A6}.Release|Any CPU.Build.0 = Release|Any CPU
		{702DB2AB-EBFF-4552-ADF1-6FE739ABC453}.Debug|Any CPU.ActiveCfg = Debug|Any CPU
		{702DB2AB-EBFF-4552-ADF1-6FE739ABC453}.Debug|Any CPU.Build.0 = Debug|Any CPU
		{702DB2AB-EBFF-4552-ADF1-6FE739ABC453}.Release|Any CPU.ActiveCfg = Release|Any CPU
		{702DB2AB-EBFF-4552-ADF1-6FE739ABC453}.Release|Any CPU.Build.0 = Release|Any CPU
		{1F43F959-2BC6-475D-BB3F-23D8F44205E4}.Debug|Any CPU.ActiveCfg = Debug|Any CPU
		{1F43F959-2BC6-475D-BB3F-23D8F44205E4}.Debug|Any CPU.Build.0 = Debug|Any CPU
		{1F43F959-2BC6-475D-BB3F-23D8F44205E4}.Release|Any CPU.ActiveCfg = Release|Any CPU
		{1F43F959-2BC6-475D-BB3F-23D8F44205E4}.Release|Any CPU.Build.0 = Release|Any CPU
		{F47BFD03-BC76-4219-AD24-9BF468022EB3}.Debug|Any CPU.ActiveCfg = Debug|Any CPU
		{F47BFD03-BC76-4219-AD24-9BF468022EB3}.Debug|Any CPU.Build.0 = Debug|Any CPU
		{F47BFD03-BC76-4219-AD24-9BF468022EB3}.Release|Any CPU.ActiveCfg = Release|Any CPU
		{F47BFD03-BC76-4219-AD24-9BF468022EB3}.Release|Any CPU.Build.0 = Release|Any CPU
		{BFFA9F40-0015-4846-B2F8-E38A9E2963C4}.Debug|Any CPU.ActiveCfg = Debug|Any CPU
		{BFFA9F40-0015-4846-B2F8-E38A9E2963C4}.Debug|Any CPU.Build.0 = Debug|Any CPU
		{BFFA9F40-0015-4846-B2F8-E38A9E2963C4}.Release|Any CPU.ActiveCfg = Release|Any CPU
		{BFFA9F40-0015-4846-B2F8-E38A9E2963C4}.Release|Any CPU.Build.0 = Release|Any CPU
		{CDCAA361-F2F0-4BB6-9A77-BA6441150005}.Debug|Any CPU.ActiveCfg = Debug|Any CPU
		{CDCAA361-F2F0-4BB6-9A77-BA6441150005}.Debug|Any CPU.Build.0 = Debug|Any CPU
		{CDCAA361-F2F0-4BB6-9A77-BA6441150005}.Release|Any CPU.ActiveCfg = Release|Any CPU
		{CDCAA361-F2F0-4BB6-9A77-BA6441150005}.Release|Any CPU.Build.0 = Release|Any CPU
		{DAC9CAC7-5ED2-4282-B0FB-7961B8A54C23}.Debug|Any CPU.ActiveCfg = Debug|Any CPU
		{DAC9CAC7-5ED2-4282-B0FB-7961B8A54C23}.Debug|Any CPU.Build.0 = Debug|Any CPU
		{DAC9CAC7-5ED2-4282-B0FB-7961B8A54C23}.Release|Any CPU.ActiveCfg = Release|Any CPU
		{DAC9CAC7-5ED2-4282-B0FB-7961B8A54C23}.Release|Any CPU.Build.0 = Release|Any CPU
		{543CAA22-3C60-4658-B773-266D3BAEE57B}.Debug|Any CPU.ActiveCfg = Debug|Any CPU
		{543CAA22-3C60-4658-B773-266D3BAEE57B}.Debug|Any CPU.Build.0 = Debug|Any CPU
		{543CAA22-3C60-4658-B773-266D3BAEE57B}.Release|Any CPU.ActiveCfg = Release|Any CPU
		{543CAA22-3C60-4658-B773-266D3BAEE57B}.Release|Any CPU.Build.0 = Release|Any CPU
		{C721C07F-01C9-4D6E-8275-6AD5CA9251D7}.Debug|Any CPU.ActiveCfg = Debug|Any CPU
		{C721C07F-01C9-4D6E-8275-6AD5CA9251D7}.Debug|Any CPU.Build.0 = Debug|Any CPU
		{C721C07F-01C9-4D6E-8275-6AD5CA9251D7}.Release|Any CPU.ActiveCfg = Release|Any CPU
		{C721C07F-01C9-4D6E-8275-6AD5CA9251D7}.Release|Any CPU.Build.0 = Release|Any CPU
		{8C9D922B-FCCA-471F-B443-6838BBA237B4}.Debug|Any CPU.ActiveCfg = Debug|Any CPU
		{8C9D922B-FCCA-471F-B443-6838BBA237B4}.Debug|Any CPU.Build.0 = Debug|Any CPU
		{8C9D922B-FCCA-471F-B443-6838BBA237B4}.Release|Any CPU.ActiveCfg = Release|Any CPU
		{8C9D922B-FCCA-471F-B443-6838BBA237B4}.Release|Any CPU.Build.0 = Release|Any CPU
	EndGlobalSection
	GlobalSection(SolutionProperties) = preSolution
		HideSolutionNode = FALSE
	EndGlobalSection
	GlobalSection(NestedProjects) = preSolution
		{286D9744-C82A-46F5-895D-722459AEF937} = {DD7B73EE-316F-498C-9162-677AE78E7EA9}
		{0802F5FB-0A6F-4520-8028-73D2F1FC6613} = {286D9744-C82A-46F5-895D-722459AEF937}
		{E260A4AB-EE3D-43B7-8659-4C8AB0098489} = {286D9744-C82A-46F5-895D-722459AEF937}
		{A126F589-37C5-4866-BF39-6AD8477D5032} = {286D9744-C82A-46F5-895D-722459AEF937}
		{1ACB346F-CC45-4CB7-9409-DFF68A73B736} = {286D9744-C82A-46F5-895D-722459AEF937}
		{0236D803-41A6-4464-B8E3-B69420CB41E1} = {396B1FE5-6C01-42FF-8251-9C925AC3E4E6}
		{A1389B35-B014-4880-B5F2-7440AB2026CF} = {265F624A-CB47-4A8D-8473-B16C1AB7590E}
		{B40A019F-2C47-4329-B961-B8F1CA90FAF8} = {DD7B73EE-316F-498C-9162-677AE78E7EA9}
		{D4701F0E-6F6D-4929-8DE6-179A187B92C6} = {B40A019F-2C47-4329-B961-B8F1CA90FAF8}
		{BAC0CC10-35BC-4E3D-9EA7-886D0C04F903} = {B40A019F-2C47-4329-B961-B8F1CA90FAF8}
		{F092AF1F-BD5B-4F77-A4BB-8A090DBCFC24} = {B40A019F-2C47-4329-B961-B8F1CA90FAF8}
		{909DD0F4-7C34-4EAA-B706-DC6B7867CBCD} = {B40A019F-2C47-4329-B961-B8F1CA90FAF8}
		{0849748C-D682-4284-B181-705262C3BDE8} = {DD7B73EE-316F-498C-9162-677AE78E7EA9}
		{32857162-1235-4DB8-A288-56F2C38D1E39} = {0849748C-D682-4284-B181-705262C3BDE8}
		{3029DB2D-1679-48E2-8162-364811EF40E1} = {0849748C-D682-4284-B181-705262C3BDE8}
		{09D92BDC-E5FF-4166-97C1-E6E0B1B4A032} = {0849748C-D682-4284-B181-705262C3BDE8}
		{ECBAAC40-912D-49CC-BE60-7C44AEC202C9} = {0849748C-D682-4284-B181-705262C3BDE8}
		{26013915-71C6-4BA0-8719-AB9440CF99E6} = {DD7B73EE-316F-498C-9162-677AE78E7EA9}
		{EC3C431E-86C1-4BD5-891E-709EBA47A4EB} = {26013915-71C6-4BA0-8719-AB9440CF99E6}
		{54B0FCE2-6CA7-4DB4-B953-A6A6B148B3A7} = {26013915-71C6-4BA0-8719-AB9440CF99E6}
		{2CC11233-7CB0-4254-B4BD-45768EBCA544} = {26013915-71C6-4BA0-8719-AB9440CF99E6}
		{A56F4C24-1938-4616-9994-D8B7C95083A6} = {26013915-71C6-4BA0-8719-AB9440CF99E6}
		{A3879C75-9A13-41A6-8694-8AB72AA590F0} = {DD7B73EE-316F-498C-9162-677AE78E7EA9}
		{702DB2AB-EBFF-4552-ADF1-6FE739ABC453} = {A3879C75-9A13-41A6-8694-8AB72AA590F0}
		{1F43F959-2BC6-475D-BB3F-23D8F44205E4} = {A3879C75-9A13-41A6-8694-8AB72AA590F0}
		{F47BFD03-BC76-4219-AD24-9BF468022EB3} = {A3879C75-9A13-41A6-8694-8AB72AA590F0}
		{BFFA9F40-0015-4846-B2F8-E38A9E2963C4} = {A3879C75-9A13-41A6-8694-8AB72AA590F0}
		{CDCAA361-F2F0-4BB6-9A77-BA6441150005} = {57A1024D-EF6E-4EF1-B1FD-DA3A8F0577E8}
		{BCEB0340-F8CC-4D0C-9129-98EA1A0BFAA8} = {DD7B73EE-316F-498C-9162-677AE78E7EA9}
		{DAC9CAC7-5ED2-4282-B0FB-7961B8A54C23} = {BCEB0340-F8CC-4D0C-9129-98EA1A0BFAA8}
		{543CAA22-3C60-4658-B773-266D3BAEE57B} = {BCEB0340-F8CC-4D0C-9129-98EA1A0BFAA8}
		{C721C07F-01C9-4D6E-8275-6AD5CA9251D7} = {BCEB0340-F8CC-4D0C-9129-98EA1A0BFAA8}
		{8C9D922B-FCCA-471F-B443-6838BBA237B4} = {BCEB0340-F8CC-4D0C-9129-98EA1A0BFAA8}
	EndGlobalSection
EndGlobal
